
Microsoft Visual Studio Solution File, Format Version 12.00
# Visual Studio Version 17
VisualStudioVersion = 17.4.33110.190
MinimumVisualStudioVersion = 10.0.40219.1
Project("{9A19103F-16F7-4668-BE54-9A1E7A4F7556}") = "sfModul8Final.Part1", "sfModul8Final\sfModul8Final.Part1.csproj", "{971D7087-B64E-4E06-AF8D-19EEC7A82F2B}"
EndProject
Project("{9A19103F-16F7-4668-BE54-9A1E7A4F7556}") = "sfModul8Final.Part2", "sfModul8Final.Part2\sfModul8Final.Part2.csproj", "{4FEE3344-DE4A-4A75-8199-3BA1706C3536}"
EndProject
Project("{9A19103F-16F7-4668-BE54-9A1E7A4F7556}") = "sfModul8Final.Part3", "sfModul8Final.Part3\sfModul8Final.Part3.csproj", "{771D1AD8-0403-4D12-8DE1-FB0FEA3D8CCB}"
EndProject
Project("{FAE04EC0-301F-11D3-BF4B-00C04F79EFBC}") = "sfModul8FinalPart4", "sfModul8FinalPart4\sfModul8FinalPart4.csproj", "{3056F2E6-CA2E-46ED-A739-2990D7C55625}"
EndProject
Global
	GlobalSection(SolutionConfigurationPlatforms) = preSolution
		Debug|Any CPU = Debug|Any CPU
		Release|Any CPU = Release|Any CPU
	EndGlobalSection
	GlobalSection(ProjectConfigurationPlatforms) = postSolution
		{971D7087-B64E-4E06-AF8D-19EEC7A82F2B}.Debug|Any CPU.ActiveCfg = Debug|Any CPU
		{971D7087-B64E-4E06-AF8D-19EEC7A82F2B}.Debug|Any CPU.Build.0 = Debug|Any CPU
		{971D7087-B64E-4E06-AF8D-19EEC7A82F2B}.Release|Any CPU.ActiveCfg = Release|Any CPU
		{971D7087-B64E-4E06-AF8D-19EEC7A82F2B}.Release|Any CPU.Build.0 = Release|Any CPU
		{4FEE3344-DE4A-4A75-8199-3BA1706C3536}.Debug|Any CPU.ActiveCfg = Debug|Any CPU
		{4FEE3344-DE4A-4A75-8199-3BA1706C3536}.Debug|Any CPU.Build.0 = Debug|Any CPU
		{4FEE3344-DE4A-4A75-8199-3BA1706C3536}.Release|Any CPU.ActiveCfg = Release|Any CPU
		{4FEE3344-DE4A-4A75-8199-3BA1706C3536}.Release|Any CPU.Build.0 = Release|Any CPU
		{771D1AD8-0403-4D12-8DE1-FB0FEA3D8CCB}.Debug|Any CPU.ActiveCfg = Debug|Any CPU
		{771D1AD8-0403-4D12-8DE1-FB0FEA3D8CCB}.Debug|Any CPU.Build.0 = Debug|Any CPU
		{771D1AD8-0403-4D12-8DE1-FB0FEA3D8CCB}.Release|Any CPU.ActiveCfg = Release|Any CPU
		{771D1AD8-0403-4D12-8DE1-FB0FEA3D8CCB}.Release|Any CPU.Build.0 = Release|Any CPU
		{3056F2E6-CA2E-46ED-A739-2990D7C55625}.Debug|Any CPU.ActiveCfg = Debug|Any CPU
		{3056F2E6-CA2E-46ED-A739-2990D7C55625}.Debug|Any CPU.Build.0 = Debug|Any CPU
		{3056F2E6-CA2E-46ED-A739-2990D7C55625}.Release|Any CPU.ActiveCfg = Release|Any CPU
		{3056F2E6-CA2E-46ED-A739-2990D7C55625}.Release|Any CPU.Build.0 = Release|Any CPU
	EndGlobalSection
	GlobalSection(SolutionProperties) = preSolution
		HideSolutionNode = FALSE
	EndGlobalSection
	GlobalSection(ExtensibilityGlobals) = postSolution
		SolutionGuid = {98948284-8E1B-4B2E-9088-7B3D45CDFC93}
	EndGlobalSection
EndGlobal
